
Microsoft Visual Studio Solution File, Format Version 12.00
# Visual Studio Version 17
VisualStudioVersion = 17.1.32210.238
MinimumVisualStudioVersion = 10.0.40219.1
Project("{9A19103F-16F7-4668-BE54-9A1E7A4F7556}") = "Audaces", "Audaces.csproj", "{005B81DD-5092-4889-A036-04E6DF58AB46}"
EndProject
Global
	GlobalSection(SolutionConfigurationPlatforms) = preSolution
		Debug|Any CPU = Debug|Any CPU
		Release|Any CPU = Release|Any CPU
	EndGlobalSection
	GlobalSection(ProjectConfigurationPlatforms) = postSolution
		{005B81DD-5092-4889-A036-04E6DF58AB46}.Debug|Any CPU.ActiveCfg = Debug|Any CPU
		{005B81DD-5092-4889-A036-04E6DF58AB46}.Debug|Any CPU.Build.0 = Debug|Any CPU
		{005B81DD-5092-4889-A036-04E6DF58AB46}.Release|Any CPU.ActiveCfg = Release|Any CPU
		{005B81DD-5092-4889-A036-04E6DF58AB46}.Release|Any CPU.Build.0 = Release|Any CPU
	EndGlobalSection
	GlobalSection(SolutionProperties) = preSolution
		HideSolutionNode = FALSE
	EndGlobalSection
	GlobalSection(ExtensibilityGlobals) = postSolution
		SolutionGuid = {E52BFF5C-C62B-4512-A9B7-E355A48E827F}
	EndGlobalSection
EndGlobal
